
Microsoft Visual Studio Solution File, Format Version 12.00
# Visual Studio Version 16
VisualStudioVersion = 16.0.29613.14
MinimumVisualStudioVersion = 10.0.40219.1
Project("{FAE04EC0-301F-11D3-BF4B-00C04F79EFBC}") = "Whatsaap", "Whatsaap\Whatsaap.csproj", "{BA2906A3-16D4-41EB-9575-8661687FF5EB}"
EndProject
Global
	GlobalSection(SolutionConfigurationPlatforms) = preSolution
		Debug|Any CPU = Debug|Any CPU
		Release|Any CPU = Release|Any CPU
	EndGlobalSection
	GlobalSection(ProjectConfigurationPlatforms) = postSolution
		{BA2906A3-16D4-41EB-9575-8661687FF5EB}.Debug|Any CPU.ActiveCfg = Debug|Any CPU
		{BA2906A3-16D4-41EB-9575-8661687FF5EB}.Debug|Any CPU.Build.0 = Debug|Any CPU
		{BA2906A3-16D4-41EB-9575-8661687FF5EB}.Release|Any CPU.ActiveCfg = Release|Any CPU
		{BA2906A3-16D4-41EB-9575-8661687FF5EB}.Release|Any CPU.Build.0 = Release|Any CPU
	EndGlobalSection
	GlobalSection(SolutionProperties) = preSolution
		HideSolutionNode = FALSE
	EndGlobalSection
	GlobalSection(ExtensibilityGlobals) = postSolution
		SolutionGuid = {566D03A1-ADC6-495B-9E52-B18F4E7CE99C}
	EndGlobalSection
EndGlobal
